{
  "name": "NewClassroom",
  "version": "0.0.1",
  "lockfileVersion": 1,
  "requires": true,
  "dependencies": {
    "react-native-actionsheet": {
      "version": "2.4.2",
      "resolved": "https://registry.npmjs.org/react-native-actionsheet/-/react-native-actionsheet-2.4.2.tgz",
      "integrity": "sha512-DBoWIvVwuWXuptF4t46pBqkFxaUxS+rsIdHiA05t0n4BdTIDV2R4s9bLEUVOGzb94D7VxIamsXZPA/3mmw+SXg=="
    },
    "react-native-image-picker": {
      "version": "0.26.9",
      "resolved": "https://registry.npmjs.org/react-native-image-picker/-/react-native-image-picker-0.26.9.tgz",
      "integrity": "sha512-k2rWrpYRPJHSapQ0kzWYnjHVONWMlKEN4YOdsoHFlKfzhkMQ9TOrAbfcmnXUYlyfwtAJ8GwuUOhwNO0mCl5BeA=="
    }
  }
}
